
Microsoft Visual Studio Solution File, Format Version 12.00
# Visual Studio 15
VisualStudioVersion = 15.0.28307.757
MinimumVisualStudioVersion = 10.0.40219.1
Project("{FAE04EC0-301F-11D3-BF4B-00C04F79EFBC}") = "Programs_Starter.WPFClient", "Programs_Starter.WPFClient\Programs_Starter.WPFClient.csproj", "{5FF2D30C-D109-468E-BB1F-A79E7374013E}"
EndProject
Project("{FAE04EC0-301F-11D3-BF4B-00C04F79EFBC}") = "Programs_Starter.Models", "Programs_Starter.Models\Programs_Starter.Models.csproj", "{1EBA464F-6F83-4BB9-891B-DF9D5EFB99C5}"
EndProject
Project("{FAE04EC0-301F-11D3-BF4B-00C04F79EFBC}") = "Programs_Starter.ViewModels", "Programs_Starter.ViewModels\Programs_Starter.ViewModels.csproj", "{F300728E-59A6-4F7E-BA91-6EBDD1A2C735}"
EndProject
Global
	GlobalSection(SolutionConfigurationPlatforms) = preSolution
		Debug|Any CPU = Debug|Any CPU
		Release|Any CPU = Release|Any CPU
	EndGlobalSection
	GlobalSection(ProjectConfigurationPlatforms) = postSolution
		{5FF2D30C-D109-468E-BB1F-A79E7374013E}.Debug|Any CPU.ActiveCfg = Debug|Any CPU
		{5FF2D30C-D109-468E-BB1F-A79E7374013E}.Debug|Any CPU.Build.0 = Debug|Any CPU
		{5FF2D30C-D109-468E-BB1F-A79E7374013E}.Release|Any CPU.ActiveCfg = Release|Any CPU
		{5FF2D30C-D109-468E-BB1F-A79E7374013E}.Release|Any CPU.Build.0 = Release|Any CPU
		{1EBA464F-6F83-4BB9-891B-DF9D5EFB99C5}.Debug|Any CPU.ActiveCfg = Debug|Any CPU
		{1EBA464F-6F83-4BB9-891B-DF9D5EFB99C5}.Debug|Any CPU.Build.0 = Debug|Any CPU
		{1EBA464F-6F83-4BB9-891B-DF9D5EFB99C5}.Release|Any CPU.ActiveCfg = Release|Any CPU
		{1EBA464F-6F83-4BB9-891B-DF9D5EFB99C5}.Release|Any CPU.Build.0 = Release|Any CPU
		{F300728E-59A6-4F7E-BA91-6EBDD1A2C735}.Debug|Any CPU.ActiveCfg = Debug|Any CPU
		{F300728E-59A6-4F7E-BA91-6EBDD1A2C735}.Debug|Any CPU.Build.0 = Debug|Any CPU
		{F300728E-59A6-4F7E-BA91-6EBDD1A2C735}.Release|Any CPU.ActiveCfg = Release|Any CPU
		{F300728E-59A6-4F7E-BA91-6EBDD1A2C735}.Release|Any CPU.Build.0 = Release|Any CPU
	EndGlobalSection
	GlobalSection(SolutionProperties) = preSolution
		HideSolutionNode = FALSE
	EndGlobalSection
	GlobalSection(ExtensibilityGlobals) = postSolution
		SolutionGuid = {53DE823B-5B75-44E5-96CC-32338BE16AC3}
	EndGlobalSection
EndGlobal
